
Microsoft Visual Studio Solution File, Format Version 12.00
# Visual Studio Version 17
VisualStudioVersion = 17.2.32526.322
MinimumVisualStudioVersion = 10.0.40219.1
Project("{888888A0-9F3D-457C-B088-3A5042F75D52}") = "PythonChess", "PythonChess\PythonChess.pyproj", "{B0DCF152-089E-4640-AD85-EA460344E8D1}"
EndProject
Global
	GlobalSection(SolutionConfigurationPlatforms) = preSolution
		Debug|Any CPU = Debug|Any CPU
		Release|Any CPU = Release|Any CPU
	EndGlobalSection
	GlobalSection(ProjectConfigurationPlatforms) = postSolution
		{B0DCF152-089E-4640-AD85-EA460344E8D1}.Debug|Any CPU.ActiveCfg = Debug|Any CPU
		{B0DCF152-089E-4640-AD85-EA460344E8D1}.Release|Any CPU.ActiveCfg = Release|Any CPU
	EndGlobalSection
	GlobalSection(SolutionProperties) = preSolution
		HideSolutionNode = FALSE
	EndGlobalSection
	GlobalSection(ExtensibilityGlobals) = postSolution
		SolutionGuid = {C089FC88-EA85-48FF-9F14-B1CA2310D500}
	EndGlobalSection
EndGlobal
